lockfileVersion: '9.0'

settings:
  autoInstallPeers: true
  excludeLinksFromLockfile: false

importers:

  .:
    devDependencies:
      '@types/node':
        specifier: ^24.0.0
        version: 24.12.2
      typescript:
        specifier: ^5.8.3
        version: 5.9.3

  packages/arp-domain: {}

  packages/arp-store-sqlite:
    dependencies:
      '@arp/domain':
        specifier: workspace:*
        version: link:../arp-domain

  packages/pi-adapter:
    dependencies:
      '@arp/protocol':
        specifier: workspace:*
        version: link:../protocol

  packages/protocol: {}

  packages/reference-server:
    dependencies:
      '@arp/protocol':
        specifier: workspace:*
        version: link:../protocol

  packages/vscode-extension:
    dependencies:
      '@arp/protocol':
        specifier: workspace:*
        version: link:../protocol
      '@arp/store-sqlite':
        specifier: workspace:*
        version: link:../arp-store-sqlite
    devDependencies:
      '@types/node':
        specifier: ^24.0.0
        version: 24.12.2
      '@types/vscode':
        specifier: ^1.90.0
        version: 1.118.0

packages:

  '@types/node@24.12.2':
    resolution: {integrity: sha512-A1sre26ke7HDIuY/M23nd9gfB+nrmhtYyMINbjI1zHJxYteKR6qSMX56FsmjMcDb3SMcjJg5BiRRgOCC/yBD0g==}

  '@types/vscode@1.118.0':
    resolution: {integrity: sha512-Ah6eTlqDcwIMELEVwQMO++rJAFBRz/oLluLD/vWdYrH1KuI9kfpaM+7pg0OvvascgcJy+ghLCERAYouM4QbzGw==}

  typescript@5.9.3:
    resolution: {integrity: sha512-jl1vZzPDinLr9eUt3J/t7V6FgNEw9QjvBPdysz9KfQDD41fQrC2Y4vKQdiaUpFT4bXlb1RHhLpp8wtm6M5TgSw==}
    engines: {node: '>=14.17'}
    hasBin: true

  undici-types@7.16.0:
    resolution: {integrity: sha512-Zz+aZWSj8LE6zoxD+xrjh4VfkIG8Ya6LvYkZqtUQGJPZjYl53ypCaUwWqo7eI0x66KBGeRo+mlBEkMSeSZ38Nw==}

snapshots:

  '@types/node@24.12.2':
    dependencies:
      undici-types: 7.16.0

  '@types/vscode@1.118.0': {}

  typescript@5.9.3: {}

  undici-types@7.16.0: {}
